
Microsoft Visual Studio Solution File, Format Version 12.00
# Visual Studio 2010
Project("{8BC9CEB8-8B4A-11D0-8D11-00A0C91BC942}") = "001.gl_no_external_libs", "001.gl_no_external_libs\gl_no_external_libs.vcxproj", "{B1F6702A-F262-4193-A546-42B388635A27}"
EndProject
Project("{8BC9CEB8-8B4A-11D0-8D11-00A0C91BC942}") = "001a.gl_simple_tri", "001a.gl_simple_triangle\gl_simple_triangle.vcxproj", "{037171D6-8EBE-4CEC-975F-CF9D0213694F}"
	ProjectSection(ProjectDependencies) = postProject
		{B17F9D12-21C7-4753-A9E4-FF9216E31701} = {B17F9D12-21C7-4753-A9E4-FF9216E31701}
		{74B60FB3-20C7-9065-9E3B-74558196B703} = {74B60FB3-20C7-9065-9E3B-74558196B703}
	EndProjectSection
EndProject
Project("{8BC9CEB8-8B4A-11D0-8D11-00A0C91BC942}") = "002.gl_simple_uniform", "002.gl_simple_uniforms\gl_simple_uniforms.vcxproj", "{13188144-BD58-4075-AFD7-92DC0246F29C}"
	ProjectSection(ProjectDependencies) = postProject
		{B17F9D12-21C7-4753-A9E4-FF9216E31701} = {B17F9D12-21C7-4753-A9E4-FF9216E31701}
		{74B60FB3-20C7-9065-9E3B-74558196B703} = {74B60FB3-20C7-9065-9E3B-74558196B703}
	EndProjectSection
EndProject
Project("{8BC9CEB8-8B4A-11D0-8D11-00A0C91BC942}") = "003.gl_simple_wrapper", "003.gl_simple_wrapper\gl_simple_wrapper.vcxproj", "{335F7FF0-1660-4FE1-B3B3-0F1605ECB651}"
	ProjectSection(ProjectDependencies) = postProject
		{B17F9D12-21C7-4753-A9E4-FF9216E31701} = {B17F9D12-21C7-4753-A9E4-FF9216E31701}
		{74B60FB3-20C7-9065-9E3B-74558196B703} = {74B60FB3-20C7-9065-9E3B-74558196B703}
	EndProjectSection
EndProject
Project("{8BC9CEB8-8B4A-11D0-8D11-00A0C91BC942}") = "006.gl_simple_texture", "006.gl_simple_texture\gl_simple_texture.vcxproj", "{31E4250C-ED35-4478-8688-072FF688FAEA}"
	ProjectSection(ProjectDependencies) = postProject
		{74B60FB3-20C7-9065-9E3B-74558196B703} = {74B60FB3-20C7-9065-9E3B-74558196B703}
	EndProjectSection
EndProject
Project("{8BC9CEB8-8B4A-11D0-8D11-00A0C91BC942}") = "005.gl_clipspace", "005.gl_clipspace\gl_clipspace.vcxproj", "{8B964B30-667E-46DA-A86D-9FCB5BCA2B54}"
	ProjectSection(ProjectDependencies) = postProject
		{B17F9D12-21C7-4753-A9E4-FF9216E31701} = {B17F9D12-21C7-4753-A9E4-FF9216E31701}
		{74B60FB3-20C7-9065-9E3B-74558196B703} = {74B60FB3-20C7-9065-9E3B-74558196B703}
	EndProjectSection
EndProject
Project("{8BC9CEB8-8B4A-11D0-8D11-00A0C91BC942}") = "008.gl_transforms", "008.gl_transforms\gl_transforms.vcxproj", "{DA37E903-0D3B-46F5-9052-BF86923E9998}"
	ProjectSection(ProjectDependencies) = postProject
		{B17F9D12-21C7-4753-A9E4-FF9216E31701} = {B17F9D12-21C7-4753-A9E4-FF9216E31701}
		{74B60FB3-20C7-9065-9E3B-74558196B703} = {74B60FB3-20C7-9065-9E3B-74558196B703}
	EndProjectSection
EndProject
Project("{8BC9CEB8-8B4A-11D0-8D11-00A0C91BC942}") = "009.gl_camera", "009.gl_camera\gl_camera.vcxproj", "{A62E8349-98F1-4688-BB3B-45DA4EC8722F}"
	ProjectSection(ProjectDependencies) = postProject
		{B17F9D12-21C7-4753-A9E4-FF9216E31701} = {B17F9D12-21C7-4753-A9E4-FF9216E31701}
		{74B60FB3-20C7-9065-9E3B-74558196B703} = {74B60FB3-20C7-9065-9E3B-74558196B703}
	EndProjectSection
EndProject
Project("{8BC9CEB8-8B4A-11D0-8D11-00A0C91BC942}") = "utils", "utils\utils.vcxproj", "{B17F9D12-21C7-4753-A9E4-FF9216E31701}"
EndProject
Project("{8BC9CEB8-8B4A-11D0-8D11-00A0C91BC942}") = "007.gl_uniform_buffer_object", "007.gl_uniform_buffer_object\gl_uniform_buffer_object.vcxproj", "{02A3F7F6-B49C-480E-8FC7-39A1198A4DF2}"
	ProjectSection(ProjectDependencies) = postProject
		{B17F9D12-21C7-4753-A9E4-FF9216E31701} = {B17F9D12-21C7-4753-A9E4-FF9216E31701}
		{74B60FB3-20C7-9065-9E3B-74558196B703} = {74B60FB3-20C7-9065-9E3B-74558196B703}
	EndProjectSection
EndProject
Project("{8BC9CEB8-8B4A-11D0-8D11-00A0C91BC942}") = "011.gl_mapped_buffer", "011.gl_mapped_buffer\gl_mapped_buffer.vcxproj", "{10ADF1A0-118E-4C90-A2D6-A12227589ED4}"
	ProjectSection(ProjectDependencies) = postProject
		{B17F9D12-21C7-4753-A9E4-FF9216E31701} = {B17F9D12-21C7-4753-A9E4-FF9216E31701}
		{74B60FB3-20C7-9065-9E3B-74558196B703} = {74B60FB3-20C7-9065-9E3B-74558196B703}
	EndProjectSection
EndProject
Project("{8BC9CEB8-8B4A-11D0-8D11-00A0C91BC942}") = "004.gl_shaderwrangler", "004.gl_shaderwrangler\gl_shaderwrangler.vcxproj", "{75D4B00A-292D-48E5-9B51-8CBEE93B231F}"
	ProjectSection(ProjectDependencies) = postProject
		{B17F9D12-21C7-4753-A9E4-FF9216E31701} = {B17F9D12-21C7-4753-A9E4-FF9216E31701}
		{74B60FB3-20C7-9065-9E3B-74558196B703} = {74B60FB3-20C7-9065-9E3B-74558196B703}
	EndProjectSection
EndProject
Project("{8BC9CEB8-8B4A-11D0-8D11-00A0C91BC942}") = "010.gl_mipmap", "010.gl_mipmap\gl_mipmap.vcxproj", "{50659194-02F0-45FB-B6DA-A5D534623F66}"
	ProjectSection(ProjectDependencies) = postProject
		{B17F9D12-21C7-4753-A9E4-FF9216E31701} = {B17F9D12-21C7-4753-A9E4-FF9216E31701}
		{74B60FB3-20C7-9065-9E3B-74558196B703} = {74B60FB3-20C7-9065-9E3B-74558196B703}
	EndProjectSection
EndProject
Project("{8BC9CEB8-8B4A-11D0-8D11-00A0C91BC942}") = "shaders", "shaders\shaders.vcxproj", "{068F0DB8-C29A-4085-9C2F-6A4D58CE556E}"
EndProject
Project("{8BC9CEB8-8B4A-11D0-8D11-00A0C91BC942}") = "012.gl_multi_render_target", "012.gl_multi_render_target\gl_multi_render_target.vcxproj", "{7B476CFF-F332-4B8A-921B-7865D2FA6C50}"
	ProjectSection(ProjectDependencies) = postProject
		{B17F9D12-21C7-4753-A9E4-FF9216E31701} = {B17F9D12-21C7-4753-A9E4-FF9216E31701}
		{74B60FB3-20C7-9065-9E3B-74558196B703} = {74B60FB3-20C7-9065-9E3B-74558196B703}
	EndProjectSection
EndProject
Project("{8BC9CEB8-8B4A-11D0-8D11-00A0C91BC942}") = "013.gl_mrt_2", "013.gl_mrt_2\gl_mrt_2.vcxproj", "{CD70B64E-14DD-4915-895A-424067ECE56E}"
	ProjectSection(ProjectDependencies) = postProject
		{B17F9D12-21C7-4753-A9E4-FF9216E31701} = {B17F9D12-21C7-4753-A9E4-FF9216E31701}
		{74B60FB3-20C7-9065-9E3B-74558196B703} = {74B60FB3-20C7-9065-9E3B-74558196B703}
	EndProjectSection
EndProject
Project("{8BC9CEB8-8B4A-11D0-8D11-00A0C91BC942}") = "014.gl_shapes", "014.gl_shapes\gl_shapes.vcxproj", "{678973F9-A769-4A9F-B1F2-74D08D1EC52E}"
	ProjectSection(ProjectDependencies) = postProject
		{B17F9D12-21C7-4753-A9E4-FF9216E31701} = {B17F9D12-21C7-4753-A9E4-FF9216E31701}
		{74B60FB3-20C7-9065-9E3B-74558196B703} = {74B60FB3-20C7-9065-9E3B-74558196B703}
	EndProjectSection
EndProject
Project("{8BC9CEB8-8B4A-11D0-8D11-00A0C91BC942}") = "015.gl_shadow", "015.gl_shadow\gl_shadow.vcxproj", "{87B6E16D-F825-4092-9ED3-F34A0C1203F5}"
	ProjectSection(ProjectDependencies) = postProject
		{B17F9D12-21C7-4753-A9E4-FF9216E31701} = {B17F9D12-21C7-4753-A9E4-FF9216E31701}
		{74B60FB3-20C7-9065-9E3B-74558196B703} = {74B60FB3-20C7-9065-9E3B-74558196B703}
	EndProjectSection
EndProject
Project("{2150E333-8FDC-42A3-9474-1A3956D46DE8}") = "Solution Items", "Solution Items", "{8BBE789A-CC94-452B-A85B-6D94886D344A}"
	ProjectSection(SolutionItems) = preProject
		README.txt = README.txt
	EndProjectSection
EndProject
Project("{8BC9CEB8-8B4A-11D0-8D11-00A0C91BC942}") = "glew_static", "..\Libraries\glew\build\vc6\glew_static.vcxproj", "{74B60FB3-20C7-9065-9E3B-74558196B703}"
EndProject
Project("{8BC9CEB8-8B4A-11D0-8D11-00A0C91BC942}") = "017.gl_geometry_shader", "017.gl_geometry_shader\gl_geometry_shader.vcxproj", "{1B8E02FE-3D69-438E-BDFC-704FF8CFDABA}"
	ProjectSection(ProjectDependencies) = postProject
		{B17F9D12-21C7-4753-A9E4-FF9216E31701} = {B17F9D12-21C7-4753-A9E4-FF9216E31701}
		{74B60FB3-20C7-9065-9E3B-74558196B703} = {74B60FB3-20C7-9065-9E3B-74558196B703}
	EndProjectSection
EndProject
Project("{8BC9CEB8-8B4A-11D0-8D11-00A0C91BC942}") = "016.gl_shadows_multi_fbo", "016.gl_shadows_multi_fbo\gl_shadows_multi_fbo.vcxproj", "{34BCFA22-4339-4E39-ACF4-F94EF6D3D69F}"
EndProject
Project("{8BC9CEB8-8B4A-11D0-8D11-00A0C91BC942}") = "018.gl_gamma_correction", "018.gl_gamma_correction\018.gl_gamma_correction.vcxproj", "{67BB3ED4-3741-4B7F-93FE-B553ECF723E3}"
	ProjectSection(ProjectDependencies) = postProject
		{B17F9D12-21C7-4753-A9E4-FF9216E31701} = {B17F9D12-21C7-4753-A9E4-FF9216E31701}
		{74B60FB3-20C7-9065-9E3B-74558196B703} = {74B60FB3-20C7-9065-9E3B-74558196B703}
	EndProjectSection
EndProject
Project("{8BC9CEB8-8B4A-11D0-8D11-00A0C91BC942}") = "019.gl_postprocess_template", "019.gl_postprocess_template\019.gl_postprocess_template.vcxproj", "{0DB1ECEE-DD3B-408A-97FD-B7FFAAD87CDC}"
	ProjectSection(ProjectDependencies) = postProject
		{B17F9D12-21C7-4753-A9E4-FF9216E31701} = {B17F9D12-21C7-4753-A9E4-FF9216E31701}
		{74B60FB3-20C7-9065-9E3B-74558196B703} = {74B60FB3-20C7-9065-9E3B-74558196B703}
	EndProjectSection
EndProject
Project("{8BC9CEB8-8B4A-11D0-8D11-00A0C91BC942}") = "020.gl_high_dynamic_range", "020.gl_high_dynamic_range\020.gl_high_dynamic_range.vcxproj", "{3D2758BF-CEC8-4320-A90C-24196E945163}"
	ProjectSection(ProjectDependencies) = postProject
		{B17F9D12-21C7-4753-A9E4-FF9216E31701} = {B17F9D12-21C7-4753-A9E4-FF9216E31701}
		{74B60FB3-20C7-9065-9E3B-74558196B703} = {74B60FB3-20C7-9065-9E3B-74558196B703}
	EndProjectSection
EndProject
Project("{8BC9CEB8-8B4A-11D0-8D11-00A0C91BC942}") = "021.gl_cubemap", "021.gl_cubemap\gl_cubemap.vcxproj", "{41F992CD-C0D0-4778-8988-9C0157D2C712}"
EndProject
Project("{8BC9CEB8-8B4A-11D0-8D11-00A0C91BC942}") = "022.gl_cubemap_reflections", "022.gl_cubemap_reflections\gl_cubemap_reflections.vcxproj", "{8F4A3A4E-131C-446E-9F74-6D4D9BB4C7E8}"
EndProject
Global
	GlobalSection(SolutionConfigurationPlatforms) = preSolution
		Debug MX|Win32 = Debug MX|Win32
		Debug|Win32 = Debug|Win32
		Release MX|Win32 = Release MX|Win32
		Release|Win32 = Release|Win32
	EndGlobalSection
	GlobalSection(ProjectConfigurationPlatforms) = postSolution
		{B1F6702A-F262-4193-A546-42B388635A27}.Debug MX|Win32.ActiveCfg = Debug|Win32
		{B1F6702A-F262-4193-A546-42B388635A27}.Debug MX|Win32.Build.0 = Debug|Win32
		{B1F6702A-F262-4193-A546-42B388635A27}.Debug|Win32.ActiveCfg = Debug|Win32
		{B1F6702A-F262-4193-A546-42B388635A27}.Debug|Win32.Build.0 = Debug|Win32
		{B1F6702A-F262-4193-A546-42B388635A27}.Release MX|Win32.ActiveCfg = Release|Win32
		{B1F6702A-F262-4193-A546-42B388635A27}.Release MX|Win32.Build.0 = Release|Win32
		{B1F6702A-F262-4193-A546-42B388635A27}.Release|Win32.ActiveCfg = Release|Win32
		{B1F6702A-F262-4193-A546-42B388635A27}.Release|Win32.Build.0 = Release|Win32
		{037171D6-8EBE-4CEC-975F-CF9D0213694F}.Debug MX|Win32.ActiveCfg = Debug|Win32
		{037171D6-8EBE-4CEC-975F-CF9D0213694F}.Debug MX|Win32.Build.0 = Debug|Win32
		{037171D6-8EBE-4CEC-975F-CF9D0213694F}.Debug|Win32.ActiveCfg = Debug|Win32
		{037171D6-8EBE-4CEC-975F-CF9D0213694F}.Debug|Win32.Build.0 = Debug|Win32
		{037171D6-8EBE-4CEC-975F-CF9D0213694F}.Release MX|Win32.ActiveCfg = Release|Win32
		{037171D6-8EBE-4CEC-975F-CF9D0213694F}.Release MX|Win32.Build.0 = Release|Win32
		{037171D6-8EBE-4CEC-975F-CF9D0213694F}.Release|Win32.ActiveCfg = Release|Win32
		{037171D6-8EBE-4CEC-975F-CF9D0213694F}.Release|Win32.Build.0 = Release|Win32
		{13188144-BD58-4075-AFD7-92DC0246F29C}.Debug MX|Win32.ActiveCfg = Debug|Win32
		{13188144-BD58-4075-AFD7-92DC0246F29C}.Debug MX|Win32.Build.0 = Debug|Win32
		{13188144-BD58-4075-AFD7-92DC0246F29C}.Debug|Win32.ActiveCfg = Debug|Win32
		{13188144-BD58-4075-AFD7-92DC0246F29C}.Debug|Win32.Build.0 = Debug|Win32
		{13188144-BD58-4075-AFD7-92DC0246F29C}.Release MX|Win32.ActiveCfg = Release|Win32
		{13188144-BD58-4075-AFD7-92DC0246F29C}.Release MX|Win32.Build.0 = Release|Win32
		{13188144-BD58-4075-AFD7-92DC0246F29C}.Release|Win32.ActiveCfg = Release|Win32
		{13188144-BD58-4075-AFD7-92DC0246F29C}.Release|Win32.Build.0 = Release|Win32
		{335F7FF0-1660-4FE1-B3B3-0F1605ECB651}.Debug MX|Win32.ActiveCfg = Debug|Win32
		{335F7FF0-1660-4FE1-B3B3-0F1605ECB651}.Debug MX|Win32.Build.0 = Debug|Win32
		{335F7FF0-1660-4FE1-B3B3-0F1605ECB651}.Debug|Win32.ActiveCfg = Debug|Win32
		{335F7FF0-1660-4FE1-B3B3-0F1605ECB651}.Debug|Win32.Build.0 = Debug|Win32
		{335F7FF0-1660-4FE1-B3B3-0F1605ECB651}.Release MX|Win32.ActiveCfg = Release|Win32
		{335F7FF0-1660-4FE1-B3B3-0F1605ECB651}.Release MX|Win32.Build.0 = Release|Win32
		{335F7FF0-1660-4FE1-B3B3-0F1605ECB651}.Release|Win32.ActiveCfg = Release|Win32
		{335F7FF0-1660-4FE1-B3B3-0F1605ECB651}.Release|Win32.Build.0 = Release|Win32
		{31E4250C-ED35-4478-8688-072FF688FAEA}.Debug MX|Win32.ActiveCfg = Debug|Win32
		{31E4250C-ED35-4478-8688-072FF688FAEA}.Debug MX|Win32.Build.0 = Debug|Win32
		{31E4250C-ED35-4478-8688-072FF688FAEA}.Debug|Win32.ActiveCfg = Debug|Win32
		{31E4250C-ED35-4478-8688-072FF688FAEA}.Debug|Win32.Build.0 = Debug|Win32
		{31E4250C-ED35-4478-8688-072FF688FAEA}.Release MX|Win32.ActiveCfg = Release|Win32
		{31E4250C-ED35-4478-8688-072FF688FAEA}.Release MX|Win32.Build.0 = Release|Win32
		{31E4250C-ED35-4478-8688-072FF688FAEA}.Release|Win32.ActiveCfg = Release|Win32
		{31E4250C-ED35-4478-8688-072FF688FAEA}.Release|Win32.Build.0 = Release|Win32
		{8B964B30-667E-46DA-A86D-9FCB5BCA2B54}.Debug MX|Win32.ActiveCfg = Debug|Win32
		{8B964B30-667E-46DA-A86D-9FCB5BCA2B54}.Debug MX|Win32.Build.0 = Debug|Win32
		{8B964B30-667E-46DA-A86D-9FCB5BCA2B54}.Debug|Win32.ActiveCfg = Debug|Win32
		{8B964B30-667E-46DA-A86D-9FCB5BCA2B54}.Debug|Win32.Build.0 = Debug|Win32
		{8B964B30-667E-46DA-A86D-9FCB5BCA2B54}.Release MX|Win32.ActiveCfg = Release|Win32
		{8B964B30-667E-46DA-A86D-9FCB5BCA2B54}.Release MX|Win32.Build.0 = Release|Win32
		{8B964B30-667E-46DA-A86D-9FCB5BCA2B54}.Release|Win32.ActiveCfg = Release|Win32
		{8B964B30-667E-46DA-A86D-9FCB5BCA2B54}.Release|Win32.Build.0 = Release|Win32
		{DA37E903-0D3B-46F5-9052-BF86923E9998}.Debug MX|Win32.ActiveCfg = Debug|Win32
		{DA37E903-0D3B-46F5-9052-BF86923E9998}.Debug MX|Win32.Build.0 = Debug|Win32
		{DA37E903-0D3B-46F5-9052-BF86923E9998}.Debug|Win32.ActiveCfg = Debug|Win32
		{DA37E903-0D3B-46F5-9052-BF86923E9998}.Debug|Win32.Build.0 = Debug|Win32
		{DA37E903-0D3B-46F5-9052-BF86923E9998}.Release MX|Win32.ActiveCfg = Release|Win32
		{DA37E903-0D3B-46F5-9052-BF86923E9998}.Release MX|Win32.Build.0 = Release|Win32
		{DA37E903-0D3B-46F5-9052-BF86923E9998}.Release|Win32.ActiveCfg = Release|Win32
		{DA37E903-0D3B-46F5-9052-BF86923E9998}.Release|Win32.Build.0 = Release|Win32
		{A62E8349-98F1-4688-BB3B-45DA4EC8722F}.Debug MX|Win32.ActiveCfg = Debug|Win32
		{A62E8349-98F1-4688-BB3B-45DA4EC8722F}.Debug MX|Win32.Build.0 = Debug|Win32
		{A62E8349-98F1-4688-BB3B-45DA4EC8722F}.Debug|Win32.ActiveCfg = Debug|Win32
		{A62E8349-98F1-4688-BB3B-45DA4EC8722F}.Debug|Win32.Build.0 = Debug|Win32
		{A62E8349-98F1-4688-BB3B-45DA4EC8722F}.Release MX|Win32.ActiveCfg = Release|Win32
		{A62E8349-98F1-4688-BB3B-45DA4EC8722F}.Release MX|Win32.Build.0 = Release|Win32
		{A62E8349-98F1-4688-BB3B-45DA4EC8722F}.Release|Win32.ActiveCfg = Release|Win32
		{A62E8349-98F1-4688-BB3B-45DA4EC8722F}.Release|Win32.Build.0 = Release|Win32
		{B17F9D12-21C7-4753-A9E4-FF9216E31701}.Debug MX|Win32.ActiveCfg = Debug|Win32
		{B17F9D12-21C7-4753-A9E4-FF9216E31701}.Debug MX|Win32.Build.0 = Debug|Win32
		{B17F9D12-21C7-4753-A9E4-FF9216E31701}.Debug|Win32.ActiveCfg = Debug|Win32
		{B17F9D12-21C7-4753-A9E4-FF9216E31701}.Debug|Win32.Build.0 = Debug|Win32
		{B17F9D12-21C7-4753-A9E4-FF9216E31701}.Release MX|Win32.ActiveCfg = Release|Win32
		{B17F9D12-21C7-4753-A9E4-FF9216E31701}.Release MX|Win32.Build.0 = Release|Win32
		{B17F9D12-21C7-4753-A9E4-FF9216E31701}.Release|Win32.ActiveCfg = Release|Win32
		{B17F9D12-21C7-4753-A9E4-FF9216E31701}.Release|Win32.Build.0 = Release|Win32
		{02A3F7F6-B49C-480E-8FC7-39A1198A4DF2}.Debug MX|Win32.ActiveCfg = Debug|Win32
		{02A3F7F6-B49C-480E-8FC7-39A1198A4DF2}.Debug MX|Win32.Build.0 = Debug|Win32
		{02A3F7F6-B49C-480E-8FC7-39A1198A4DF2}.Debug|Win32.ActiveCfg = Debug|Win32
		{02A3F7F6-B49C-480E-8FC7-39A1198A4DF2}.Debug|Win32.Build.0 = Debug|Win32
		{02A3F7F6-B49C-480E-8FC7-39A1198A4DF2}.Release MX|Win32.ActiveCfg = Release|Win32
		{02A3F7F6-B49C-480E-8FC7-39A1198A4DF2}.Release MX|Win32.Build.0 = Release|Win32
		{02A3F7F6-B49C-480E-8FC7-39A1198A4DF2}.Release|Win32.ActiveCfg = Release|Win32
		{02A3F7F6-B49C-480E-8FC7-39A1198A4DF2}.Release|Win32.Build.0 = Release|Win32
		{10ADF1A0-118E-4C90-A2D6-A12227589ED4}.Debug MX|Win32.ActiveCfg = Debug|Win32
		{10ADF1A0-118E-4C90-A2D6-A12227589ED4}.Debug MX|Win32.Build.0 = Debug|Win32
		{10ADF1A0-118E-4C90-A2D6-A12227589ED4}.Debug|Win32.ActiveCfg = Debug|Win32
		{10ADF1A0-118E-4C90-A2D6-A12227589ED4}.Debug|Win32.Build.0 = Debug|Win32
		{10ADF1A0-118E-4C90-A2D6-A12227589ED4}.Release MX|Win32.ActiveCfg = Release|Win32
		{10ADF1A0-118E-4C90-A2D6-A12227589ED4}.Release MX|Win32.Build.0 = Release|Win32
		{10ADF1A0-118E-4C90-A2D6-A12227589ED4}.Release|Win32.ActiveCfg = Release|Win32
		{10ADF1A0-118E-4C90-A2D6-A12227589ED4}.Release|Win32.Build.0 = Release|Win32
		{75D4B00A-292D-48E5-9B51-8CBEE93B231F}.Debug MX|Win32.ActiveCfg = Debug|Win32
		{75D4B00A-292D-48E5-9B51-8CBEE93B231F}.Debug MX|Win32.Build.0 = Debug|Win32
		{75D4B00A-292D-48E5-9B51-8CBEE93B231F}.Debug|Win32.ActiveCfg = Debug|Win32
		{75D4B00A-292D-48E5-9B51-8CBEE93B231F}.Debug|Win32.Build.0 = Debug|Win32
		{75D4B00A-292D-48E5-9B51-8CBEE93B231F}.Release MX|Win32.ActiveCfg = Release|Win32
		{75D4B00A-292D-48E5-9B51-8CBEE93B231F}.Release MX|Win32.Build.0 = Release|Win32
		{75D4B00A-292D-48E5-9B51-8CBEE93B231F}.Release|Win32.ActiveCfg = Release|Win32
		{75D4B00A-292D-48E5-9B51-8CBEE93B231F}.Release|Win32.Build.0 = Release|Win32
		{50659194-02F0-45FB-B6DA-A5D534623F66}.Debug MX|Win32.ActiveCfg = Debug|Win32
		{50659194-02F0-45FB-B6DA-A5D534623F66}.Debug MX|Win32.Build.0 = Debug|Win32
		{50659194-02F0-45FB-B6DA-A5D534623F66}.Debug|Win32.ActiveCfg = Debug|Win32
		{50659194-02F0-45FB-B6DA-A5D534623F66}.Debug|Win32.Build.0 = Debug|Win32
		{50659194-02F0-45FB-B6DA-A5D534623F66}.Release MX|Win32.ActiveCfg = Release|Win32
		{50659194-02F0-45FB-B6DA-A5D534623F66}.Release MX|Win32.Build.0 = Release|Win32
		{50659194-02F0-45FB-B6DA-A5D534623F66}.Release|Win32.ActiveCfg = Release|Win32
		{50659194-02F0-45FB-B6DA-A5D534623F66}.Release|Win32.Build.0 = Release|Win32
		{068F0DB8-C29A-4085-9C2F-6A4D58CE556E}.Debug MX|Win32.ActiveCfg = Debug|Win32
		{068F0DB8-C29A-4085-9C2F-6A4D58CE556E}.Debug MX|Win32.Build.0 = Debug|Win32
		{068F0DB8-C29A-4085-9C2F-6A4D58CE556E}.Debug|Win32.ActiveCfg = Debug|Win32
		{068F0DB8-C29A-4085-9C2F-6A4D58CE556E}.Debug|Win32.Build.0 = Debug|Win32
		{068F0DB8-C29A-4085-9C2F-6A4D58CE556E}.Release MX|Win32.ActiveCfg = Release|Win32
		{068F0DB8-C29A-4085-9C2F-6A4D58CE556E}.Release MX|Win32.Build.0 = Release|Win32
		{068F0DB8-C29A-4085-9C2F-6A4D58CE556E}.Release|Win32.ActiveCfg = Release|Win32
		{068F0DB8-C29A-4085-9C2F-6A4D58CE556E}.Release|Win32.Build.0 = Release|Win32
		{7B476CFF-F332-4B8A-921B-7865D2FA6C50}.Debug MX|Win32.ActiveCfg = Debug|Win32
		{7B476CFF-F332-4B8A-921B-7865D2FA6C50}.Debug MX|Win32.Build.0 = Debug|Win32
		{7B476CFF-F332-4B8A-921B-7865D2FA6C50}.Debug|Win32.ActiveCfg = Debug|Win32
		{7B476CFF-F332-4B8A-921B-7865D2FA6C50}.Debug|Win32.Build.0 = Debug|Win32
		{7B476CFF-F332-4B8A-921B-7865D2FA6C50}.Release MX|Win32.ActiveCfg = Release|Win32
		{7B476CFF-F332-4B8A-921B-7865D2FA6C50}.Release MX|Win32.Build.0 = Release|Win32
		{7B476CFF-F332-4B8A-921B-7865D2FA6C50}.Release|Win32.ActiveCfg = Release|Win32
		{7B476CFF-F332-4B8A-921B-7865D2FA6C50}.Release|Win32.Build.0 = Release|Win32
		{CD70B64E-14DD-4915-895A-424067ECE56E}.Debug MX|Win32.ActiveCfg = Debug|Win32
		{CD70B64E-14DD-4915-895A-424067ECE56E}.Debug MX|Win32.Build.0 = Debug|Win32
		{CD70B64E-14DD-4915-895A-424067ECE56E}.Debug|Win32.ActiveCfg = Debug|Win32
		{CD70B64E-14DD-4915-895A-424067ECE56E}.Debug|Win32.Build.0 = Debug|Win32
		{CD70B64E-14DD-4915-895A-424067ECE56E}.Release MX|Win32.ActiveCfg = Release|Win32
		{CD70B64E-14DD-4915-895A-424067ECE56E}.Release MX|Win32.Build.0 = Release|Win32
		{CD70B64E-14DD-4915-895A-424067ECE56E}.Release|Win32.ActiveCfg = Release|Win32
		{CD70B64E-14DD-4915-895A-424067ECE56E}.Release|Win32.Build.0 = Release|Win32
		{678973F9-A769-4A9F-B1F2-74D08D1EC52E}.Debug MX|Win32.ActiveCfg = Debug|Win32
		{678973F9-A769-4A9F-B1F2-74D08D1EC52E}.Debug MX|Win32.Build.0 = Debug|Win32
		{678973F9-A769-4A9F-B1F2-74D08D1EC52E}.Debug|Win32.ActiveCfg = Debug|Win32
		{678973F9-A769-4A9F-B1F2-74D08D1EC52E}.Debug|Win32.Build.0 = Debug|Win32
		{678973F9-A769-4A9F-B1F2-74D08D1EC52E}.Release MX|Win32.ActiveCfg = Release|Win32
		{678973F9-A769-4A9F-B1F2-74D08D1EC52E}.Release MX|Win32.Build.0 = Release|Win32
		{678973F9-A769-4A9F-B1F2-74D08D1EC52E}.Release|Win32.ActiveCfg = Release|Win32
		{678973F9-A769-4A9F-B1F2-74D08D1EC52E}.Release|Win32.Build.0 = Release|Win32
		{87B6E16D-F825-4092-9ED3-F34A0C1203F5}.Debug MX|Win32.ActiveCfg = Debug|Win32
		{87B6E16D-F825-4092-9ED3-F34A0C1203F5}.Debug MX|Win32.Build.0 = Debug|Win32
		{87B6E16D-F825-4092-9ED3-F34A0C1203F5}.Debug|Win32.ActiveCfg = Debug|Win32
		{87B6E16D-F825-4092-9ED3-F34A0C1203F5}.Debug|Win32.Build.0 = Debug|Win32
		{87B6E16D-F825-4092-9ED3-F34A0C1203F5}.Release MX|Win32.ActiveCfg = Release|Win32
		{87B6E16D-F825-4092-9ED3-F34A0C1203F5}.Release MX|Win32.Build.0 = Release|Win32
		{87B6E16D-F825-4092-9ED3-F34A0C1203F5}.Release|Win32.ActiveCfg = Release|Win32
		{87B6E16D-F825-4092-9ED3-F34A0C1203F5}.Release|Win32.Build.0 = Release|Win32
		{74B60FB3-20C7-9065-9E3B-74558196B703}.Debug MX|Win32.ActiveCfg = Debug MX|Win32
		{74B60FB3-20C7-9065-9E3B-74558196B703}.Debug MX|Win32.Build.0 = Debug MX|Win32
		{74B60FB3-20C7-9065-9E3B-74558196B703}.Debug|Win32.ActiveCfg = Debug|Win32
		{74B60FB3-20C7-9065-9E3B-74558196B703}.Debug|Win32.Build.0 = Debug|Win32
		{74B60FB3-20C7-9065-9E3B-74558196B703}.Release MX|Win32.ActiveCfg = Release MX|Win32
		{74B60FB3-20C7-9065-9E3B-74558196B703}.Release MX|Win32.Build.0 = Release MX|Win32
		{74B60FB3-20C7-9065-9E3B-74558196B703}.Release|Win32.ActiveCfg = Release|Win32
		{74B60FB3-20C7-9065-9E3B-74558196B703}.Release|Win32.Build.0 = Release|Win32
		{1B8E02FE-3D69-438E-BDFC-704FF8CFDABA}.Debug MX|Win32.ActiveCfg = Debug|Win32
		{1B8E02FE-3D69-438E-BDFC-704FF8CFDABA}.Debug MX|Win32.Build.0 = Debug|Win32
		{1B8E02FE-3D69-438E-BDFC-704FF8CFDABA}.Debug|Win32.ActiveCfg = Debug|Win32
		{1B8E02FE-3D69-438E-BDFC-704FF8CFDABA}.Debug|Win32.Build.0 = Debug|Win32
		{1B8E02FE-3D69-438E-BDFC-704FF8CFDABA}.Release MX|Win32.ActiveCfg = Release|Win32
		{1B8E02FE-3D69-438E-BDFC-704FF8CFDABA}.Release MX|Win32.Build.0 = Release|Win32
		{1B8E02FE-3D69-438E-BDFC-704FF8CFDABA}.Release|Win32.ActiveCfg = Release|Win32
		{1B8E02FE-3D69-438E-BDFC-704FF8CFDABA}.Release|Win32.Build.0 = Release|Win32
		{34BCFA22-4339-4E39-ACF4-F94EF6D3D69F}.Debug MX|Win32.ActiveCfg = Debug|Win32
		{34BCFA22-4339-4E39-ACF4-F94EF6D3D69F}.Debug MX|Win32.Build.0 = Debug|Win32
		{34BCFA22-4339-4E39-ACF4-F94EF6D3D69F}.Debug|Win32.ActiveCfg = Debug|Win32
		{34BCFA22-4339-4E39-ACF4-F94EF6D3D69F}.Debug|Win32.Build.0 = Debug|Win32
		{34BCFA22-4339-4E39-ACF4-F94EF6D3D69F}.Release MX|Win32.ActiveCfg = Release|Win32
		{34BCFA22-4339-4E39-ACF4-F94EF6D3D69F}.Release MX|Win32.Build.0 = Release|Win32
		{34BCFA22-4339-4E39-ACF4-F94EF6D3D69F}.Release|Win32.ActiveCfg = Release|Win32
		{34BCFA22-4339-4E39-ACF4-F94EF6D3D69F}.Release|Win32.Build.0 = Release|Win32
		{67BB3ED4-3741-4B7F-93FE-B553ECF723E3}.Debug MX|Win32.ActiveCfg = Debug|Win32
		{67BB3ED4-3741-4B7F-93FE-B553ECF723E3}.Debug MX|Win32.Build.0 = Debug|Win32
		{67BB3ED4-3741-4B7F-93FE-B553ECF723E3}.Debug|Win32.ActiveCfg = Debug|Win32
		{67BB3ED4-3741-4B7F-93FE-B553ECF723E3}.Debug|Win32.Build.0 = Debug|Win32
		{67BB3ED4-3741-4B7F-93FE-B553ECF723E3}.Release MX|Win32.ActiveCfg = Release|Win32
		{67BB3ED4-3741-4B7F-93FE-B553ECF723E3}.Release MX|Win32.Build.0 = Release|Win32
		{67BB3ED4-3741-4B7F-93FE-B553ECF723E3}.Release|Win32.ActiveCfg = Release|Win32
		{67BB3ED4-3741-4B7F-93FE-B553ECF723E3}.Release|Win32.Build.0 = Release|Win32
		{0DB1ECEE-DD3B-408A-97FD-B7FFAAD87CDC}.Debug MX|Win32.ActiveCfg = Debug|Win32
		{0DB1ECEE-DD3B-408A-97FD-B7FFAAD87CDC}.Debug MX|Win32.Build.0 = Debug|Win32
		{0DB1ECEE-DD3B-408A-97FD-B7FFAAD87CDC}.Debug|Win32.ActiveCfg = Debug|Win32
		{0DB1ECEE-DD3B-408A-97FD-B7FFAAD87CDC}.Debug|Win32.Build.0 = Debug|Win32
		{0DB1ECEE-DD3B-408A-97FD-B7FFAAD87CDC}.Release MX|Win32.ActiveCfg = Release|Win32
		{0DB1ECEE-DD3B-408A-97FD-B7FFAAD87CDC}.Release MX|Win32.Build.0 = Release|Win32
		{0DB1ECEE-DD3B-408A-97FD-B7FFAAD87CDC}.Release|Win32.ActiveCfg = Release|Win32
		{0DB1ECEE-DD3B-408A-97FD-B7FFAAD87CDC}.Release|Win32.Build.0 = Release|Win32
		{3D2758BF-CEC8-4320-A90C-24196E945163}.Debug MX|Win32.ActiveCfg = Debug|Win32
		{3D2758BF-CEC8-4320-A90C-24196E945163}.Debug MX|Win32.Build.0 = Debug|Win32
		{3D2758BF-CEC8-4320-A90C-24196E945163}.Debug|Win32.ActiveCfg = Debug|Win32
		{3D2758BF-CEC8-4320-A90C-24196E945163}.Debug|Win32.Build.0 = Debug|Win32
		{3D2758BF-CEC8-4320-A90C-24196E945163}.Release MX|Win32.ActiveCfg = Release|Win32
		{3D2758BF-CEC8-4320-A90C-24196E945163}.Release MX|Win32.Build.0 = Release|Win32
		{3D2758BF-CEC8-4320-A90C-24196E945163}.Release|Win32.ActiveCfg = Release|Win32
		{3D2758BF-CEC8-4320-A90C-24196E945163}.Release|Win32.Build.0 = Release|Win32
		{41F992CD-C0D0-4778-8988-9C0157D2C712}.Debug MX|Win32.ActiveCfg = Debug|Win32
		{41F992CD-C0D0-4778-8988-9C0157D2C712}.Debug MX|Win32.Build.0 = Debug|Win32
		{41F992CD-C0D0-4778-8988-9C0157D2C712}.Debug|Win32.ActiveCfg = Debug|Win32
		{41F992CD-C0D0-4778-8988-9C0157D2C712}.Debug|Win32.Build.0 = Debug|Win32
		{41F992CD-C0D0-4778-8988-9C0157D2C712}.Release MX|Win32.ActiveCfg = Release|Win32
		{41F992CD-C0D0-4778-8988-9C0157D2C712}.Release MX|Win32.Build.0 = Release|Win32
		{41F992CD-C0D0-4778-8988-9C0157D2C712}.Release|Win32.ActiveCfg = Release|Win32
		{41F992CD-C0D0-4778-8988-9C0157D2C712}.Release|Win32.Build.0 = Release|Win32
		{8F4A3A4E-131C-446E-9F74-6D4D9BB4C7E8}.Debug MX|Win32.ActiveCfg = Debug|Win32
		{8F4A3A4E-131C-446E-9F74-6D4D9BB4C7E8}.Debug MX|Win32.Build.0 = Debug|Win32
		{8F4A3A4E-131C-446E-9F74-6D4D9BB4C7E8}.Debug|Win32.ActiveCfg = Debug|Win32
		{8F4A3A4E-131C-446E-9F74-6D4D9BB4C7E8}.Debug|Win32.Build.0 = Debug|Win32
		{8F4A3A4E-131C-446E-9F74-6D4D9BB4C7E8}.Release MX|Win32.ActiveCfg = Release|Win32
		{8F4A3A4E-131C-446E-9F74-6D4D9BB4C7E8}.Release MX|Win32.Build.0 = Release|Win32
		{8F4A3A4E-131C-446E-9F74-6D4D9BB4C7E8}.Release|Win32.ActiveCfg = Release|Win32
		{8F4A3A4E-131C-446E-9F74-6D4D9BB4C7E8}.Release|Win32.Build.0 = Release|Win32
	EndGlobalSection
	GlobalSection(SolutionProperties) = preSolution
		HideSolutionNode = FALSE
	EndGlobalSection
EndGlobal
